// !$*UTF8*$!
{
	archiveVersion = 1;
	classes = {
	};
	objectVersion = 56;
	objects = {

/* Begin PBXBuildFile section */
		9872E9F8295A16EB00239659 /* PortfolioAppApp.swift in Sources */ = {isa = PBXBuildFile; fileRef = 9872E9F7295A16EB00239659 /* PortfolioAppApp.swift */; };
		9872E9FA295A16EB00239659 /* MainView.swift in Sources */ = {isa = PBXBuildFile; fileRef = 9872E9F9295A16EB00239659 /* MainView.swift */; };
		9872E9FC295A16EE00239659 /* Assets.xcassets in Resources */ = {isa = PBXBuildFile; fileRef = 9872E9FB295A16EE00239659 /* Assets.xcassets */; };
		9872E9FF295A16EE00239659 /* Preview Assets.xcassets in Resources */ = {isa = PBXBuildFile; fileRef = 9872E9FE295A16EE00239659 /* Preview Assets.xcassets */; };
		9872EA09295A16EE00239659 /* PortfolioAppTests.swift in Sources */ = {isa = PBXBuildFile; fileRef = 9872EA08295A16EE00239659 /* PortfolioAppTests.swift */; };
		9872EA13295A16EE00239659 /* PortfolioAppUITests.swift in Sources */ = {isa = PBXBuildFile; fileRef = 9872EA12295A16EE00239659 /* PortfolioAppUITests.swift */; };
		9872EA15295A16EE00239659 /* PortfolioAppUITestsLaunchTests.swift in Sources */ = {isa = PBXBuildFile; fileRef = 9872EA14295A16EE00239659 /* PortfolioAppUITestsLaunchTests.swift */; };
		9872EA22295A18FD00239659 /* PassionView.swift in Sources */ = {isa = PBXBuildFile; fileRef = 9872EA21295A18FD00239659 /* PassionView.swift */; };
		9872EA24295A192600239659 /* ProfileView.swift in Sources */ = {isa = PBXBuildFile; fileRef = 9872EA23295A192500239659 /* ProfileView.swift */; };
		9872EA2B295A1C1800239659 /* WorkExperience.swift in Sources */ = {isa = PBXBuildFile; fileRef = 9872EA2A295A1C1800239659 /* WorkExperience.swift */; };
		9872EA2D295A1F2600239659 /* Constants.swift in Sources */ = {isa = PBXBuildFile; fileRef = 9872EA2C295A1F2600239659 /* Constants.swift */; };
		9872EA32295B0D0200239659 /* TabItem.swift in Sources */ = {isa = PBXBuildFile; fileRef = 9872EA31295B0D0200239659 /* TabItem.swift */; };
		9872EA34295B0DA200239659 /* TabItemData.swift in Sources */ = {isa = PBXBuildFile; fileRef = 9872EA33295B0DA200239659 /* TabItemData.swift */; };
		9872EA36295B0E9200239659 /* CustomTabView.swift in Sources */ = {isa = PBXBuildFile; fileRef = 9872EA35295B0E9200239659 /* CustomTabView.swift */; };
		9872EA38295B0F1000239659 /* TabView.swift in Sources */ = {isa = PBXBuildFile; fileRef = 9872EA37295B0F1000239659 /* TabView.swift */; };
		9872EA3A295B0F4700239659 /* TabItemView.swift in Sources */ = {isa = PBXBuildFile; fileRef = 9872EA39295B0F4700239659 /* TabItemView.swift */; };
		98FE865C295CD68E00E2CC54 /* HeaderView.swift in Sources */ = {isa = PBXBuildFile; fileRef = 98FE865B295CD68E00E2CC54 /* HeaderView.swift */; };
		98FE866C295CE42A00E2CC54 /* Font.swift in Sources */ = {isa = PBXBuildFile; fileRef = 98FE866B295CE42A00E2CC54 /* Font.swift */; };
/* End PBXBuildFile section */

/* Begin PBXContainerItemProxy section */
		9872EA05295A16EE00239659 /* PBXContainerItemProxy */ = {
			isa = PBXContainerItemProxy;
			containerPortal = 9872E9EC295A16EB00239659 /* Project object */;
			proxyType = 1;
			remoteGlobalIDString = 9872E9F3295A16EB00239659;
			remoteInfo = PortfolioApp;
		};
		9872EA0F295A16EE00239659 /* PBXContainerItemProxy */ = {
			isa = PBXContainerItemProxy;
			containerPortal = 9872E9EC295A16EB00239659 /* Project object */;
			proxyType = 1;
			remoteGlobalIDString = 9872E9F3295A16EB00239659;
			remoteInfo = PortfolioApp;
		};
/* End PBXContainerItemProxy section */

/* Begin PBXFileReference section */
		9872E9F4295A16EB00239659 /* PortfolioApp.app */ = {isa = PBXFileReference; explicitFileType = wrapper.application; includeInIndex = 0; path = PortfolioApp.app; sourceTree = BUILT_PRODUCTS_DIR; };
		9872E9F7295A16EB00239659 /* PortfolioAppApp.swift */ = {isa = PBXFileReference; lastKnownFileType = sourcecode.swift; path = PortfolioAppApp.swift; sourceTree = "<group>"; };
		9872E9F9295A16EB00239659 /* MainView.swift */ = {isa = PBXFileReference; lastKnownFileType = sourcecode.swift; path = MainView.swift; sourceTree = "<group>"; };
		9872E9FB295A16EE00239659 /* Assets.xcassets */ = {isa = PBXFileReference; lastKnownFileType = folder.assetcatalog; path = Assets.xcassets; sourceTree = "<group>"; };
		9872E9FE295A16EE00239659 /* Preview Assets.xcassets */ = {isa = PBXFileReference; lastKnownFileType = folder.assetcatalog; path = "Preview Assets.xcassets"; sourceTree = "<group>"; };
		9872EA04295A16EE00239659 /* PortfolioAppTests.xctest */ = {isa = PBXFileReference; explicitFileType = wrapper.cfbundle; includeInIndex = 0; path = PortfolioAppTests.xctest; sourceTree = BUILT_PRODUCTS_DIR; };
		9872EA08295A16EE00239659 /* PortfolioAppTests.swift */ = {isa = PBXFileReference; lastKnownFileType = sourcecode.swift; path = PortfolioAppTests.swift; sourceTree = "<group>"; };
		9872EA0E295A16EE00239659 /* PortfolioAppUITests.xctest */ = {isa = PBXFileReference; explicitFileType = wrapper.cfbundle; includeInIndex = 0; path = PortfolioAppUITests.xctest; sourceTree = BUILT_PRODUCTS_DIR; };
		9872EA12295A16EE00239659 /* PortfolioAppUITests.swift */ = {isa = PBXFileReference; lastKnownFileType = sourcecode.swift; path = PortfolioAppUITests.swift; sourceTree = "<group>"; };
		9872EA14295A16EE00239659 /* PortfolioAppUITestsLaunchTests.swift */ = {isa = PBXFileReference; lastKnownFileType = sourcecode.swift; path = PortfolioAppUITestsLaunchTests.swift; sourceTree = "<group>"; };
		9872EA21295A18FD00239659 /* PassionView.swift */ = {isa = PBXFileReference; lastKnownFileType = sourcecode.swift; path = PassionView.swift; sourceTree = "<group>"; };
		9872EA23295A192500239659 /* ProfileView.swift */ = {isa = PBXFileReference; lastKnownFileType = sourcecode.swift; path = ProfileView.swift; sourceTree = "<group>"; };
		9872EA2A295A1C1800239659 /* WorkExperience.swift */ = {isa = PBXFileReference; lastKnownFileType = sourcecode.swift; path = WorkExperience.swift; sourceTree = "<group>"; };
		9872EA2C295A1F2600239659 /* Constants.swift */ = {isa = PBXFileReference; lastKnownFileType = sourcecode.swift; path = Constants.swift; sourceTree = "<group>"; };
		9872EA31295B0D0200239659 /* TabItem.swift */ = {isa = PBXFileReference; lastKnownFileType = sourcecode.swift; path = TabItem.swift; sourceTree = "<group>"; };
		9872EA33295B0DA200239659 /* TabItemData.swift */ = {isa = PBXFileReference; lastKnownFileType = sourcecode.swift; path = TabItemData.swift; sourceTree = "<group>"; };
		9872EA35295B0E9200239659 /* CustomTabView.swift */ = {isa = PBXFileReference; lastKnownFileType = sourcecode.swift; path = CustomTabView.swift; sourceTree = "<group>"; };
		9872EA37295B0F1000239659 /* TabView.swift */ = {isa = PBXFileReference; lastKnownFileType = sourcecode.swift; path = TabView.swift; sourceTree = "<group>"; };
		9872EA39295B0F4700239659 /* TabItemView.swift */ = {isa = PBXFileReference; lastKnownFileType = sourcecode.swift; path = TabItemView.swift; sourceTree = "<group>"; };
		98FE865B295CD68E00E2CC54 /* HeaderView.swift */ = {isa = PBXFileReference; lastKnownFileType = sourcecode.swift; path = HeaderView.swift; sourceTree = "<group>"; };
		98FE865E295CE14900E2CC54 /* PlayfairDisplay-ExtraBoldItalic.ttf */ = {isa = PBXFileReference; lastKnownFileType = file; path = "PlayfairDisplay-ExtraBoldItalic.ttf"; sourceTree = "<group>"; };
		98FE865F295CE14900E2CC54 /* PlayfairDisplay-ExtraBold.ttf */ = {isa = PBXFileReference; lastKnownFileType = file; path = "PlayfairDisplay-ExtraBold.ttf"; sourceTree = "<group>"; };
		98FE8660295CE14900E2CC54 /* PlayfairDisplay-Bold.ttf */ = {isa = PBXFileReference; lastKnownFileType = file; path = "PlayfairDisplay-Bold.ttf"; sourceTree = "<group>"; };
		98FE8661295CE14900E2CC54 /* PlayfairDisplay-Italic.ttf */ = {isa = PBXFileReference; lastKnownFileType = file; path = "PlayfairDisplay-Italic.ttf"; sourceTree = "<group>"; };
		98FE8662295CE14900E2CC54 /* PlayfairDisplay-Medium.ttf */ = {isa = PBXFileReference; lastKnownFileType = file; path = "PlayfairDisplay-Medium.ttf"; sourceTree = "<group>"; };
		98FE8663295CE14A00E2CC54 /* PlayfairDisplay-Regular.ttf */ = {isa = PBXFileReference; lastKnownFileType = file; path = "PlayfairDisplay-Regular.ttf"; sourceTree = "<group>"; };
		98FE8664295CE14A00E2CC54 /* PlayfairDisplay-BoldItalic.ttf */ = {isa = PBXFileReference; lastKnownFileType = file; path = "PlayfairDisplay-BoldItalic.ttf"; sourceTree = "<group>"; };
		98FE8665295CE14A00E2CC54 /* PlayfairDisplay-MediumItalic.ttf */ = {isa = PBXFileReference; lastKnownFileType = file; path = "PlayfairDisplay-MediumItalic.ttf"; sourceTree = "<group>"; };
		98FE8666295CE14A00E2CC54 /* PlayfairDisplay-SemiBoldItalic.ttf */ = {isa = PBXFileReference; lastKnownFileType = file; path = "PlayfairDisplay-SemiBoldItalic.ttf"; sourceTree = "<group>"; };
		98FE8667295CE14A00E2CC54 /* PlayfairDisplay-BlackItalic.ttf */ = {isa = PBXFileReference; lastKnownFileType = file; path = "PlayfairDisplay-BlackItalic.ttf"; sourceTree = "<group>"; };
		98FE8668295CE14B00E2CC54 /* PlayfairDisplay-SemiBold.ttf */ = {isa = PBXFileReference; lastKnownFileType = file; path = "PlayfairDisplay-SemiBold.ttf"; sourceTree = "<group>"; };
		98FE8669295CE14B00E2CC54 /* PlayfairDisplay-Black.ttf */ = {isa = PBXFileReference; lastKnownFileType = file; path = "PlayfairDisplay-Black.ttf"; sourceTree = "<group>"; };
		98FE866A295CE1EC00E2CC54 /* Info.plist */ = {isa = PBXFileReference; lastKnownFileType = text.plist; path = Info.plist; sourceTree = "<group>"; };
		98FE866B295CE42A00E2CC54 /* Font.swift */ = {isa = PBXFileReference; lastKnownFileType = sourcecode.swift; path = Font.swift; sourceTree = "<group>"; };
/* End PBXFileReference section */

/* Begin PBXFrameworksBuildPhase section */
		9872E9F1295A16EB00239659 /* Frameworks */ = {
			isa = PBXFrameworksBuildPhase;
			buildActionMask = 2147483647;
			files = (
			);
			runOnlyForDeploymentPostprocessing = 0;
		};
		9872EA01295A16EE00239659 /* Frameworks */ = {
			isa = PBXFrameworksBuildPhase;
			buildActionMask = 2147483647;
			files = (
			);
			runOnlyForDeploymentPostprocessing = 0;
		};
		9872EA0B295A16EE00239659 /* Frameworks */ = {
			isa = PBXFrameworksBuildPhase;
			buildActionMask = 2147483647;
			files = (
			);
			runOnlyForDeploymentPostprocessing = 0;
		};
/* End PBXFrameworksBuildPhase section */

/* Begin PBXGroup section */
		9872E9EB295A16EB00239659 = {
			isa = PBXGroup;
			children = (
				9872E9F6295A16EB00239659 /* PortfolioApp */,
				9872EA07295A16EE00239659 /* PortfolioAppTests */,
				9872EA11295A16EE00239659 /* PortfolioAppUITests */,
				9872E9F5295A16EB00239659 /* Products */,
			);
			sourceTree = "<group>";
		};
		9872E9F5295A16EB00239659 /* Products */ = {
			isa = PBXGroup;
			children = (
				9872E9F4295A16EB00239659 /* PortfolioApp.app */,
				9872EA04295A16EE00239659 /* PortfolioAppTests.xctest */,
				9872EA0E295A16EE00239659 /* PortfolioAppUITests.xctest */,
			);
			name = Products;
			sourceTree = "<group>";
		};
		9872E9F6295A16EB00239659 /* PortfolioApp */ = {
			isa = PBXGroup;
			children = (
				98FE866A295CE1EC00E2CC54 /* Info.plist */,
				9872EA29295A19F300239659 /* Assets */,
				9872EA28295A19E600239659 /* App */,
				9872EA27295A19B300239659 /* Passion */,
				9872EA26295A199F00239659 /* Profile */,
				9872EA25295A199200239659 /* WorkExperience */,
				9872E9FD295A16EE00239659 /* Preview Content */,
			);
			path = PortfolioApp;
			sourceTree = "<group>";
		};
		9872E9FD295A16EE00239659 /* Preview Content */ = {
			isa = PBXGroup;
			children = (
				9872E9FE295A16EE00239659 /* Preview Assets.xcassets */,
			);
			path = "Preview Content";
			sourceTree = "<group>";
		};
		9872EA07295A16EE00239659 /* PortfolioAppTests */ = {
			isa = PBXGroup;
			children = (
				9872EA08295A16EE00239659 /* PortfolioAppTests.swift */,
			);
			path = PortfolioAppTests;
			sourceTree = "<group>";
		};
		9872EA11295A16EE00239659 /* PortfolioAppUITests */ = {
			isa = PBXGroup;
			children = (
				9872EA12295A16EE00239659 /* PortfolioAppUITests.swift */,
				9872EA14295A16EE00239659 /* PortfolioAppUITestsLaunchTests.swift */,
			);
			path = PortfolioAppUITests;
			sourceTree = "<group>";
		};
		9872EA25295A199200239659 /* WorkExperience */ = {
			isa = PBXGroup;
			children = (
				9872EA2A295A1C1800239659 /* WorkExperience.swift */,
			);
			path = WorkExperience;
			sourceTree = "<group>";
		};
		9872EA26295A199F00239659 /* Profile */ = {
			isa = PBXGroup;
			children = (
				9872EA23295A192500239659 /* ProfileView.swift */,
				98FE865B295CD68E00E2CC54 /* HeaderView.swift */,
			);
			path = Profile;
			sourceTree = "<group>";
		};
		9872EA27295A19B300239659 /* Passion */ = {
			isa = PBXGroup;
			children = (
				9872EA21295A18FD00239659 /* PassionView.swift */,
			);
			path = Passion;
			sourceTree = "<group>";
		};
		9872EA28295A19E600239659 /* App */ = {
			isa = PBXGroup;
			children = (
				98FE865A295B31C700E2CC54 /* Tab */,
				9872E9F9295A16EB00239659 /* MainView.swift */,
				9872E9F7295A16EB00239659 /* PortfolioAppApp.swift */,
				9872EA2C295A1F2600239659 /* Constants.swift */,
			);
			path = App;
			sourceTree = "<group>";
		};
		9872EA29295A19F300239659 /* Assets */ = {
			isa = PBXGroup;
			children = (
				98FE865D295CE13500E2CC54 /* Fonts */,
				9872E9FB295A16EE00239659 /* Assets.xcassets */,
			);
			path = Assets;
			sourceTree = "<group>";
		};
		98FE865A295B31C700E2CC54 /* Tab */ = {
			isa = PBXGroup;
			children = (
				9872EA35295B0E9200239659 /* CustomTabView.swift */,
				9872EA39295B0F4700239659 /* TabItemView.swift */,
				9872EA31295B0D0200239659 /* TabItem.swift */,
				9872EA33295B0DA200239659 /* TabItemData.swift */,
				9872EA37295B0F1000239659 /* TabView.swift */,
			);
			path = Tab;
			sourceTree = "<group>";
		};
		98FE865D295CE13500E2CC54 /* Fonts */ = {
			isa = PBXGroup;
			children = (
				98FE8669295CE14B00E2CC54 /* PlayfairDisplay-Black.ttf */,
				98FE8667295CE14A00E2CC54 /* PlayfairDisplay-BlackItalic.ttf */,
				98FE8660295CE14900E2CC54 /* PlayfairDisplay-Bold.ttf */,
				98FE8664295CE14A00E2CC54 /* PlayfairDisplay-BoldItalic.ttf */,
				98FE865F295CE14900E2CC54 /* PlayfairDisplay-ExtraBold.ttf */,
				98FE865E295CE14900E2CC54 /* PlayfairDisplay-ExtraBoldItalic.ttf */,
				98FE8661295CE14900E2CC54 /* PlayfairDisplay-Italic.ttf */,
				98FE8662295CE14900E2CC54 /* PlayfairDisplay-Medium.ttf */,
				98FE8665295CE14A00E2CC54 /* PlayfairDisplay-MediumItalic.ttf */,
				98FE8663295CE14A00E2CC54 /* PlayfairDisplay-Regular.ttf */,
				98FE8668295CE14B00E2CC54 /* PlayfairDisplay-SemiBold.ttf */,
				98FE8666295CE14A00E2CC54 /* PlayfairDisplay-SemiBoldItalic.ttf */,
				98FE866B295CE42A00E2CC54 /* Font.swift */,
			);
			path = Fonts;
			sourceTree = "<group>";
		};
/* End PBXGroup section */

/* Begin PBXNativeTarget section */
		9872E9F3295A16EB00239659 /* PortfolioApp */ = {
			isa = PBXNativeTarget;
			buildConfigurationList = 9872EA18295A16EE00239659 /* Build configuration list for PBXNativeTarget "PortfolioApp" */;
			buildPhases = (
				9872E9F0295A16EB00239659 /* Sources */,
				9872E9F1295A16EB00239659 /* Frameworks */,
				9872E9F2295A16EB00239659 /* Resources */,
			);
			buildRules = (
			);
			dependencies = (
			);
			name = PortfolioApp;
			productName = PortfolioApp;
			productReference = 9872E9F4295A16EB00239659 /* PortfolioApp.app */;
			productType = "com.apple.product-type.application";
		};
		9872EA03295A16EE00239659 /* PortfolioAppTests */ = {
			isa = PBXNativeTarget;
			buildConfigurationList = 9872EA1B295A16EE00239659 /* Build configuration list for PBXNativeTarget "PortfolioAppTests" */;
			buildPhases = (
				9872EA00295A16EE00239659 /* Sources */,
				9872EA01295A16EE00239659 /* Frameworks */,
				9872EA02295A16EE00239659 /* Resources */,
			);
			buildRules = (
			);
			dependencies = (
				9872EA06295A16EE00239659 /* PBXTargetDependency */,
			);
			name = PortfolioAppTests;
			productName = PortfolioAppTests;
			productReference = 9872EA04295A16EE00239659 /* PortfolioAppTests.xctest */;
			productType = "com.apple.product-type.bundle.unit-test";
		};
		9872EA0D295A16EE00239659 /* PortfolioAppUITests */ = {
			isa = PBXNativeTarget;
			buildConfigurationList = 9872EA1E295A16EE00239659 /* Build configuration list for PBXNativeTarget "PortfolioAppUITests" */;
			buildPhases = (
				9872EA0A295A16EE00239659 /* Sources */,
				9872EA0B295A16EE00239659 /* Frameworks */,
				9872EA0C295A16EE00239659 /* Resources */,
			);
			buildRules = (
			);
			dependencies = (
				9872EA10295A16EE00239659 /* PBXTargetDependency */,
			);
			name = PortfolioAppUITests;
			productName = PortfolioAppUITests;
			productReference = 9872EA0E295A16EE00239659 /* PortfolioAppUITests.xctest */;
			productType = "com.apple.product-type.bundle.ui-testing";
		};
/* End PBXNativeTarget section */

/* Begin PBXProject section */
		9872E9EC295A16EB00239659 /* Project object */ = {
			isa = PBXProject;
			attributes = {
				BuildIndependentTargetsInParallel = 1;
				LastSwiftUpdateCheck = 1420;
				LastUpgradeCheck = 1420;
				TargetAttributes = {
					9872E9F3295A16EB00239659 = {
						CreatedOnToolsVersion = 14.2;
					};
					9872EA03295A16EE00239659 = {
						CreatedOnToolsVersion = 14.2;
						TestTargetID = 9872E9F3295A16EB00239659;
					};
					9872EA0D295A16EE00239659 = {
						CreatedOnToolsVersion = 14.2;
						TestTargetID = 9872E9F3295A16EB00239659;
					};
				};
			};
			buildConfigurationList = 9872E9EF295A16EB00239659 /* Build configuration list for PBXProject "PortfolioApp" */;
			compatibilityVersion = "Xcode 14.0";
			developmentRegion = en;
			hasScannedForEncodings = 0;
			knownRegions = (
				en,
				Base,
			);
			mainGroup = 9872E9EB295A16EB00239659;
			productRefGroup = 9872E9F5295A16EB00239659 /* Products */;
			projectDirPath = "";
			projectRoot = "";
			targets = (
				9872E9F3295A16EB00239659 /* PortfolioApp */,
				9872EA03295A16EE00239659 /* PortfolioAppTests */,
				9872EA0D295A16EE00239659 /* PortfolioAppUITests */,
			);
		};
/* End PBXProject section */

/* Begin PBXResourcesBuildPhase section */
		9872E9F2295A16EB00239659 /* Resources */ = {
			isa = PBXResourcesBuildPhase;
			buildActionMask = 2147483647;
			files = (
				9872E9FF295A16EE00239659 /* Preview Assets.xcassets in Resources */,
				9872E9FC295A16EE00239659 /* Assets.xcassets in Resources */,
			);
			runOnlyForDeploymentPostprocessing = 0;
		};
		9872EA02295A16EE00239659 /* Resources */ = {
			isa = PBXResourcesBuildPhase;
			buildActionMask = 2147483647;
			files = (
			);
			runOnlyForDeploymentPostprocessing = 0;
		};
		9872EA0C295A16EE00239659 /* Resources */ = {
			isa = PBXResourcesBuildPhase;
			buildActionMask = 2147483647;
			files = (
			);
			runOnlyForDeploymentPostprocessing = 0;
		};
/* End PBXResourcesBuildPhase section */

/* Begin PBXSourcesBuildPhase section */
		9872E9F0295A16EB00239659 /* Sources */ = {
			isa = PBXSourcesBuildPhase;
			buildActionMask = 2147483647;
			files = (
				9872EA38295B0F1000239659 /* TabView.swift in Sources */,
				9872EA24295A192600239659 /* ProfileView.swift in Sources */,
				9872EA2B295A1C1800239659 /* WorkExperience.swift in Sources */,
				9872EA22295A18FD00239659 /* PassionView.swift in Sources */,
				9872EA34295B0DA200239659 /* TabItemData.swift in Sources */,
				9872E9FA295A16EB00239659 /* MainView.swift in Sources */,
				9872E9F8295A16EB00239659 /* PortfolioAppApp.swift in Sources */,
				98FE866C295CE42A00E2CC54 /* Font.swift in Sources */,
				98FE865C295CD68E00E2CC54 /* HeaderView.swift in Sources */,
				9872EA36295B0E9200239659 /* CustomTabView.swift in Sources */,
				9872EA3A295B0F4700239659 /* TabItemView.swift in Sources */,
				9872EA32295B0D0200239659 /* TabItem.swift in Sources */,
				9872EA2D295A1F2600239659 /* Constants.swift in Sources */,
			);
			runOnlyForDeploymentPostprocessing = 0;
		};
		9872EA00295A16EE00239659 /* Sources */ = {
			isa = PBXSourcesBuildPhase;
			buildActionMask = 2147483647;
			files = (
				9872EA09295A16EE00239659 /* PortfolioAppTests.swift in Sources */,
			);
			runOnlyForDeploymentPostprocessing = 0;
		};
		9872EA0A295A16EE00239659 /* Sources */ = {
			isa = PBXSourcesBuildPhase;
			buildActionMask = 2147483647;
			files = (
				9872EA13295A16EE00239659 /* PortfolioAppUITests.swift in Sources */,
				9872EA15295A16EE00239659 /* PortfolioAppUITestsLaunchTests.swift in Sources */,
			);
			runOnlyForDeploymentPostprocessing = 0;
		};
/* End PBXSourcesBuildPhase section */

/* Begin PBXTargetDependency section */
		9872EA06295A16EE00239659 /* PBXTargetDependency */ = {
			isa = PBXTargetDependency;
			target = 9872E9F3295A16EB00239659 /* PortfolioApp */;
			targetProxy = 9872EA05295A16EE00239659 /* PBXContainerItemProxy */;
		};
		9872EA10295A16EE00239659 /* PBXTargetDependency */ = {
			isa = PBXTargetDependency;
			target = 9872E9F3295A16EB00239659 /* PortfolioApp */;
			targetProxy = 9872EA0F295A16EE00239659 /* PBXContainerItemProxy */;
		};
/* End PBXTargetDependency section */

/* Begin XCBuildConfiguration section */
		9872EA16295A16EE00239659 /* Debug */ = {
			isa = XCBuildConfiguration;
			buildSettings = {
				ALWAYS_SEARCH_USER_PATHS = NO;
				CLANG_ANALYZER_NONNULL = YES;
				CLANG_ANALYZER_NUMBER_OBJECT_CONVERSION = YES_AGGRESSIVE;
				CLANG_CXX_LANGUAGE_STANDARD = "gnu++20";
				CLANG_ENABLE_MODULES = YES;
				CLANG_ENABLE_OBJC_ARC = YES;
				CLANG_ENABLE_OBJC_WEAK = YES;
				CLANG_WARN_BLOCK_CAPTURE_AUTORELEASING = YES;
				CLANG_WARN_BOOL_CONVERSION = YES;
				CLANG_WARN_COMMA = YES;
				CLANG_WARN_CONSTANT_CONVERSION = YES;
				CLANG_WARN_DEPRECATED_OBJC_IMPLEMENTATIONS = YES;
				CLANG_WARN_DIRECT_OBJC_ISA_USAGE = YES_ERROR;
				CLANG_WARN_DOCUMENTATION_COMMENTS = YES;
				CLANG_WARN_EMPTY_BODY = YES;
				CLANG_WARN_ENUM_CONVERSION = YES;
				CLANG_WARN_INFINITE_RECURSION = YES;
				CLANG_WARN_INT_CONVERSION = YES;
				CLANG_WARN_NON_LITERAL_NULL_CONVERSION = YES;
				CLANG_WARN_OBJC_IMPLICIT_RETAIN_SELF = YES;
				CLANG_WARN_OBJC_LITERAL_CONVERSION = YES;
				CLANG_WARN_OBJC_ROOT_CLASS = YES_ERROR;
				CLANG_WARN_QUOTED_INCLUDE_IN_FRAMEWORK_HEADER = YES;
				CLANG_WARN_RANGE_LOOP_ANALYSIS = YES;
				CLANG_WARN_STRICT_PROTOTYPES = YES;
				CLANG_WARN_SUSPICIOUS_MOVE = YES;
				CLANG_WARN_UNGUARDED_AVAILABILITY = YES_AGGRESSIVE;
				CLANG_WARN_UNREACHABLE_CODE = YES;
				CLANG_WARN__DUPLICATE_METHOD_MATCH = YES;
				COPY_PHASE_STRIP = NO;
				DEBUG_INFORMATION_FORMAT = dwarf;
				ENABLE_STRICT_OBJC_MSGSEND = YES;
				ENABLE_TESTABILITY = YES;
				GCC_C_LANGUAGE_STANDARD = gnu11;
				GCC_DYNAMIC_NO_PIC = NO;
				GCC_NO_COMMON_BLOCKS = YES;
				GCC_OPTIMIZATION_LEVEL = 0;
				GCC_PREPROCESSOR_DEFINITIONS = (
					"DEBUG=1",
					"$(inherited)",
				);
				GCC_WARN_64_TO_32_BIT_CONVERSION = YES;
				GCC_WARN_ABOUT_RETURN_TYPE = YES_ERROR;
				GCC_WARN_UNDECLARED_SELECTOR = YES;
				GCC_WARN_UNINITIALIZED_AUTOS = YES_AGGRESSIVE;
				GCC_WARN_UNUSED_FUNCTION = YES;
				GCC_WARN_UNUSED_VARIABLE = YES;
				IPHONEOS_DEPLOYMENT_TARGET = 16.2;
				MTL_ENABLE_DEBUG_INFO = INCLUDE_SOURCE;
				MTL_FAST_MATH = YES;
				ONLY_ACTIVE_ARCH = YES;
				SDKROOT = iphoneos;
				SWIFT_ACTIVE_COMPILATION_CONDITIONS = DEBUG;
				SWIFT_OPTIMIZATION_LEVEL = "-Onone";
			};
			name = Debug;
		};
		9872EA17295A16EE00239659 /* Release */ = {
			isa = XCBuildConfiguration;
			buildSettings = {
				ALWAYS_SEARCH_USER_PATHS = NO;
				CLANG_ANALYZER_NONNULL = YES;
				CLANG_ANALYZER_NUMBER_OBJECT_CONVERSION = YES_AGGRESSIVE;
				CLANG_CXX_LANGUAGE_STANDARD = "gnu++20";
				CLANG_ENABLE_MODULES = YES;
				CLANG_ENABLE_OBJC_ARC = YES;
				CLANG_ENABLE_OBJC_WEAK = YES;
				CLANG_WARN_BLOCK_CAPTURE_AUTORELEASING = YES;
				CLANG_WARN_BOOL_CONVERSION = YES;
				CLANG_WARN_COMMA = YES;
				CLANG_WARN_CONSTANT_CONVERSION = YES;
				CLANG_WARN_DEPRECATED_OBJC_IMPLEMENTATIONS = YES;
				CLANG_WARN_DIRECT_OBJC_ISA_USAGE = YES_ERROR;
				CLANG_WARN_DOCUMENTATION_COMMENTS = YES;
				CLANG_WARN_EMPTY_BODY = YES;
				CLANG_WARN_ENUM_CONVERSION = YES;
				CLANG_WARN_INFINITE_RECURSION = YES;
				CLANG_WARN_INT_CONVERSION = YES;
				CLANG_WARN_NON_LITERAL_NULL_CONVERSION = YES;
				CLANG_WARN_OBJC_IMPLICIT_RETAIN_SELF = YES;
				CLANG_WARN_OBJC_LITERAL_CONVERSION = YES;
				CLANG_WARN_OBJC_ROOT_CLASS = YES_ERROR;
				CLANG_WARN_QUOTED_INCLUDE_IN_FRAMEWORK_HEADER = YES;
				CLANG_WARN_RANGE_LOOP_ANALYSIS = YES;
				CLANG_WARN_STRICT_PROTOTYPES = YES;
				CLANG_WARN_SUSPICIOUS_MOVE = YES;
				CLANG_WARN_UNGUARDED_AVAILABILITY = YES_AGGRESSIVE;
				CLANG_WARN_UNREACHABLE_CODE = YES;
				CLANG_WARN__DUPLICATE_METHOD_MATCH = YES;
				COPY_PHASE_STRIP = NO;
				DEBUG_INFORMATION_FORMAT = "dwarf-with-dsym";
				ENABLE_NS_ASSERTIONS = NO;
				ENABLE_STRICT_OBJC_MSGSEND = YES;
				GCC_C_LANGUAGE_STANDARD = gnu11;
				GCC_NO_COMMON_BLOCKS = YES;
				GCC_WARN_64_TO_32_BIT_CONVERSION = YES;
				GCC_WARN_ABOUT_RETURN_TYPE = YES_ERROR;
				GCC_WARN_UNDECLARED_SELECTOR = YES;
				GCC_WARN_UNINITIALIZED_AUTOS = YES_AGGRESSIVE;
				GCC_WARN_UNUSED_FUNCTION = YES;
				GCC_WARN_UNUSED_VARIABLE = YES;
				IPHONEOS_DEPLOYMENT_TARGET = 16.2;
				MTL_ENABLE_DEBUG_INFO = NO;
				MTL_FAST_MATH = YES;
				SDKROOT = iphoneos;
				SWIFT_COMPILATION_MODE = wholemodule;
				SWIFT_OPTIMIZATION_LEVEL = "-O";
				VALIDATE_PRODUCT = YES;
			};
			name = Release;
		};
		9872EA19295A16EE00239659 /* Debug */ = {
			isa = XCBuildConfiguration;
			buildSettings = {
				ASSETCATALOG_COMPILER_APPICON_NAME = AppIcon;
				ASSETCATALOG_COMPILER_GLOBAL_ACCENT_COLOR_NAME = AccentColor;
				CODE_SIGN_STYLE = Automatic;
				CURRENT_PROJECT_VERSION = 1;
				DEVELOPMENT_ASSET_PATHS = "\"PortfolioApp/Preview Content\"";
				ENABLE_PREVIEWS = YES;
				GENERATE_INFOPLIST_FILE = YES;
				INFOPLIST_FILE = PortfolioApp/Info.plist;
				INFOPLIST_KEY_UIApplicationSceneManifest_Generation = YES;
				INFOPLIST_KEY_UIApplicationSupportsIndirectInputEvents = YES;
				INFOPLIST_KEY_UILaunchScreen_Generation = YES;
				INFOPLIST_KEY_UISupportedInterfaceOrientations_iPad = "UIInterfaceOrientationPortrait UIInterfaceOrientationPortraitUpsideDown UIInterfaceOrientationLandscapeLeft UIInterfaceOrientationLandscapeRight";
				INFOPLIST_KEY_UISupportedInterfaceOrientations_iPhone = "UIInterfaceOrientationPortrait UIInterfaceOrientationLandscapeLeft UIInterfaceOrientationLandscapeRight";
				LD_RUNPATH_SEARCH_PATHS = (
					"$(inherited)",
					"@executable_path/Frameworks",
				);
				MARKETING_VERSION = 1.0;
				PRODUCT_BUNDLE_IDENTIFIER = madzia.PortfolioApp;
				PRODUCT_NAME = "$(TARGET_NAME)";
				SWIFT_EMIT_LOC_STRINGS = YES;
				SWIFT_VERSION = 5.0;
				TARGETED_DEVICE_FAMILY = "1,2";
			};
			name = Debug;
		};
		9872EA1A295A16EE00239659 /* Release */ = {
			isa = XCBuildConfiguration;
			buildSettings = {
				ASSETCATALOG_COMPILER_APPICON_NAME = AppIcon;
				ASSETCATALOG_COMPILER_GLOBAL_ACCENT_COLOR_NAME = AccentColor;
				CODE_SIGN_STYLE = Automatic;
				CURRENT_PROJECT_VERSION = 1;
				DEVELOPMENT_ASSET_PATHS = "\"PortfolioApp/Preview Content\"";
				ENABLE_PREVIEWS = YES;
				GENERATE_INFOPLIST_FILE = YES;
				INFOPLIST_FILE = PortfolioApp/Info.plist;
				INFOPLIST_KEY_UIApplicationSceneManifest_Generation = YES;
				INFOPLIST_KEY_UIApplicationSupportsIndirectInputEvents = YES;
				INFOPLIST_KEY_UILaunchScreen_Generation = YES;
				INFOPLIST_KEY_UISupportedInterfaceOrientations_iPad = "UIInterfaceOrientationPortrait UIInterfaceOrientationPortraitUpsideDown UIInterfaceOrientationLandscapeLeft UIInterfaceOrientationLandscapeRight";
				INFOPLIST_KEY_UISupportedInterfaceOrientations_iPhone = "UIInterfaceOrientationPortrait UIInterfaceOrientationLandscapeLeft UIInterfaceOrientationLandscapeRight";
				LD_RUNPATH_SEARCH_PATHS = (
					"$(inherited)",
					"@executable_path/Frameworks",
				);
				MARKETING_VERSION = 1.0;
				PRODUCT_BUNDLE_IDENTIFIER = madzia.PortfolioApp;
				PRODUCT_NAME = "$(TARGET_NAME)";
				SWIFT_EMIT_LOC_STRINGS = YES;
				SWIFT_VERSION = 5.0;
				TARGETED_DEVICE_FAMILY = "1,2";
			};
			name = Release;
		};
		9872EA1C295A16EE00239659 /* Debug */ = {
			isa = XCBuildConfiguration;
			buildSettings = {
				ALWAYS_EMBED_SWIFT_STANDARD_LIBRARIES = YES;
				BUNDLE_LOADER = "$(TEST_HOST)";
				CODE_SIGN_STYLE = Automatic;
				CURRENT_PROJECT_VERSION = 1;
				GENERATE_INFOPLIST_FILE = YES;
				IPHONEOS_DEPLOYMENT_TARGET = 16.2;
				MARKETING_VERSION = 1.0;
				PRODUCT_BUNDLE_IDENTIFIER = madzia.PortfolioAppTests;
				PRODUCT_NAME = "$(TARGET_NAME)";
				SWIFT_EMIT_LOC_STRINGS = NO;
				SWIFT_VERSION = 5.0;
				TARGETED_DEVICE_FAMILY = "1,2";
				TEST_HOST = "$(BUILT_PRODUCTS_DIR)/PortfolioApp.app/$(BUNDLE_EXECUTABLE_FOLDER_PATH)/PortfolioApp";
			};
			name = Debug;
		};
		9872EA1D295A16EE00239659 /* Release */ = {
			isa = XCBuildConfiguration;
			buildSettings = {
				ALWAYS_EMBED_SWIFT_STANDARD_LIBRARIES = YES;
				BUNDLE_LOADER = "$(TEST_HOST)";
				CODE_SIGN_STYLE = Automatic;
				CURRENT_PROJECT_VERSION = 1;
				GENERATE_INFOPLIST_FILE = YES;
				IPHONEOS_DEPLOYMENT_TARGET = 16.2;
				MARKETING_VERSION = 1.0;
				PRODUCT_BUNDLE_IDENTIFIER = madzia.PortfolioAppTests;
				PRODUCT_NAME = "$(TARGET_NAME)";
				SWIFT_EMIT_LOC_STRINGS = NO;
				SWIFT_VERSION = 5.0;
				TARGETED_DEVICE_FAMILY = "1,2";
				TEST_HOST = "$(BUILT_PRODUCTS_DIR)/PortfolioApp.app/$(BUNDLE_EXECUTABLE_FOLDER_PATH)/PortfolioApp";
			};
			name = Release;
		};
		9872EA1F295A16EE00239659 /* Debug */ = {
			isa = XCBuildConfiguration;
			buildSettings = {
				ALWAYS_EMBED_SWIFT_STANDARD_LIBRARIES = YES;
				CODE_SIGN_STYLE = Automatic;
				CURRENT_PROJECT_VERSION = 1;
				GENERATE_INFOPLIST_FILE = YES;
				MARKETING_VERSION = 1.0;
				PRODUCT_BUNDLE_IDENTIFIER = madzia.PortfolioAppUITests;
				PRODUCT_NAME = "$(TARGET_NAME)";
				SWIFT_EMIT_LOC_STRINGS = NO;
				SWIFT_VERSION = 5.0;
				TARGETED_DEVICE_FAMILY = "1,2";
				TEST_TARGET_NAME = PortfolioApp;
			};
			name = Debug;
		};
		9872EA20295A16EE00239659 /* Release */ = {
			isa = XCBuildConfiguration;
			buildSettings = {
				ALWAYS_EMBED_SWIFT_STANDARD_LIBRARIES = YES;
				CODE_SIGN_STYLE = Automatic;
				CURRENT_PROJECT_VERSION = 1;
				GENERATE_INFOPLIST_FILE = YES;
				MARKETING_VERSION = 1.0;
				PRODUCT_BUNDLE_IDENTIFIER = madzia.PortfolioAppUITests;
				PRODUCT_NAME = "$(TARGET_NAME)";
				SWIFT_EMIT_LOC_STRINGS = NO;
				SWIFT_VERSION = 5.0;
				TARGETED_DEVICE_FAMILY = "1,2";
				TEST_TARGET_NAME = PortfolioApp;
			};
			name = Release;
		};
/* End XCBuildConfiguration section */

/* Begin XCConfigurationList section */
		9872E9EF295A16EB00239659 /* Build configuration list for PBXProject "PortfolioApp" */ = {
			isa = XCConfigurationList;
			buildConfigurations = (
				9872EA16295A16EE00239659 /* Debug */,
				9872EA17295A16EE00239659 /* Release */,
			);
			defaultConfigurationIsVisible = 0;
			defaultConfigurationName = Release;
		};
		9872EA18295A16EE00239659 /* Build configuration list for PBXNativeTarget "PortfolioApp" */ = {
			isa = XCConfigurationList;
			buildConfigurations = (
				9872EA19295A16EE00239659 /* Debug */,
				9872EA1A295A16EE00239659 /* Release */,
			);
			defaultConfigurationIsVisible = 0;
			defaultConfigurationName = Release;
		};
		9872EA1B295A16EE00239659 /* Build configuration list for PBXNativeTarget "PortfolioAppTests" */ = {
			isa = XCConfigurationList;
			buildConfigurations = (
				9872EA1C295A16EE00239659 /* Debug */,
				9872EA1D295A16EE00239659 /* Release */,
			);
			defaultConfigurationIsVisible = 0;
			defaultConfigurationName = Release;
		};
		9872EA1E295A16EE00239659 /* Build configuration list for PBXNativeTarget "PortfolioAppUITests" */ = {
			isa = XCConfigurationList;
			buildConfigurations = (
				9872EA1F295A16EE00239659 /* Debug */,
				9872EA20295A16EE00239659 /* Release */,
			);
			defaultConfigurationIsVisible = 0;
			defaultConfigurationName = Release;
		};
/* End XCConfigurationList section */
	};
	rootObject = 9872E9EC295A16EB00239659 /* Project object */;
}
